
Microsoft Visual Studio Solution File, Format Version 12.00
# Visual Studio Version 16
VisualStudioVersion = 16.0.30804.86
MinimumVisualStudioVersion = 10.0.40219.1
Project("{9A19103F-16F7-4668-BE54-9A1E7A4F7556}") = "SudokuGenerator", ".\SudokuGenerator\SudokuGenerator.csproj", "{D5D7F841-7963-45E7-994F-70E7553EE0E4}"
EndProject
Project("{FAE04EC0-301F-11D3-BF4B-00C04F79EFBC}") = "SudokuGeneratorConsole", ".\SudokuGeneratorConsole\SudokuGeneratorConsole.csproj", "{BD4F2DF4-DB19-4341-B9A5-60C79DEF8A3D}"
EndProject
Global
	GlobalSection(SolutionConfigurationPlatforms) = preSolution
		Debug|Any CPU = Debug|Any CPU
		Release|Any CPU = Release|Any CPU
	EndGlobalSection
	GlobalSection(ProjectConfigurationPlatforms) = postSolution
		{D5D7F841-7963-45E7-994F-70E7553EE0E4}.Debug|Any CPU.ActiveCfg = Debug|Any CPU
		{D5D7F841-7963-45E7-994F-70E7553EE0E4}.Debug|Any CPU.Build.0 = Debug|Any CPU
		{D5D7F841-7963-45E7-994F-70E7553EE0E4}.Release|Any CPU.ActiveCfg = Release|Any CPU
		{D5D7F841-7963-45E7-994F-70E7553EE0E4}.Release|Any CPU.Build.0 = Release|Any CPU
		{BD4F2DF4-DB19-4341-B9A5-60C79DEF8A3D}.Debug|Any CPU.ActiveCfg = Debug|Any CPU
		{BD4F2DF4-DB19-4341-B9A5-60C79DEF8A3D}.Debug|Any CPU.Build.0 = Debug|Any CPU
		{BD4F2DF4-DB19-4341-B9A5-60C79DEF8A3D}.Release|Any CPU.ActiveCfg = Release|Any CPU
		{BD4F2DF4-DB19-4341-B9A5-60C79DEF8A3D}.Release|Any CPU.Build.0 = Release|Any CPU
	EndGlobalSection
	GlobalSection(SolutionProperties) = preSolution
		HideSolutionNode = FALSE
	EndGlobalSection
	GlobalSection(ExtensibilityGlobals) = postSolution
		SolutionGuid = {219168E6-F6FE-4B68-87F2-D46A14245ABD}
	EndGlobalSection
EndGlobal
